
Microsoft Visual Studio Solution File, Format Version 12.00
# Visual Studio Version 17
VisualStudioVersion = 17.13.35931.197 d17.13
MinimumVisualStudioVersion = 10.0.40219.1
Project("{FAE04EC0-301F-11D3-BF4B-00C04F79EFBC}") = "yagmurweb", "yagmurweb\yagmurweb.csproj", "{898A4CAB-8492-4701-B03A-F395A593DF05}"
EndProject
Global
	GlobalSection(SolutionConfigurationPlatforms) = preSolution
		Debug|Any CPU = Debug|Any CPU
		Release|Any CPU = Release|Any CPU
	EndGlobalSection
	GlobalSection(ProjectConfigurationPlatforms) = postSolution
		{898A4CAB-8492-4701-B03A-F395A593DF05}.Debug|Any CPU.ActiveCfg = Debug|Any CPU
		{898A4CAB-8492-4701-B03A-F395A593DF05}.Debug|Any CPU.Build.0 = Debug|Any CPU
		{898A4CAB-8492-4701-B03A-F395A593DF05}.Release|Any CPU.ActiveCfg = Release|Any CPU
		{898A4CAB-8492-4701-B03A-F395A593DF05}.Release|Any CPU.Build.0 = Release|Any CPU
	EndGlobalSection
	GlobalSection(SolutionProperties) = preSolution
		HideSolutionNode = FALSE
	EndGlobalSection
	GlobalSection(ExtensibilityGlobals) = postSolution
		SolutionGuid = {103EDDC5-F085-49B2-B2F5-906AA0B2FC63}
	EndGlobalSection
EndGlobal
